// !$*UTF8*$!
{
	archiveVersion = 1;
	classes = {
	};
	objectVersion = 51;
	objects = {

/* Begin PBXBuildFile section */
		06CDA6F6CA4743ED599FC079 /* Pods_GollaBab.framework in Frameworks */ = {isa = PBXBuildFile; fileRef = 8B005F9535FBEE63684028A1 /* Pods_GollaBab.framework */; };
		82721F1A26CBD6A9005AD346 /* History.xcdatamodeld in Sources */ = {isa = PBXBuildFile; fileRef = 82721F1826CBD6A9005AD346 /* History.xcdatamodeld */; };
		82721F2026CBD754005AD346 /* CoreDataManager.swift in Sources */ = {isa = PBXBuildFile; fileRef = 82721F1F26CBD754005AD346 /* CoreDataManager.swift */; };
		82721F2426CBE123005AD346 /* HistoryData.swift in Sources */ = {isa = PBXBuildFile; fileRef = 82721F2326CBE123005AD346 /* HistoryData.swift */; };
		82721F2D26CBE795005AD346 /* History+CoreDataProperties.swift in Sources */ = {isa = PBXBuildFile; fileRef = 82721F2B26CBE794005AD346 /* History+CoreDataProperties.swift */; };
		82721F2E26CBE795005AD346 /* History+CoreDataClass.swift in Sources */ = {isa = PBXBuildFile; fileRef = 82721F2C26CBE794005AD346 /* History+CoreDataClass.swift */; };
		904A70D1269C5409006F960B /* AppDelegate.swift in Sources */ = {isa = PBXBuildFile; fileRef = 904A70D0269C5409006F960B /* AppDelegate.swift */; };
		904A70D3269C5409006F960B /* SceneDelegate.swift in Sources */ = {isa = PBXBuildFile; fileRef = 904A70D2269C5409006F960B /* SceneDelegate.swift */; };
		904A70D5269C5409006F960B /* MainViewController.swift in Sources */ = {isa = PBXBuildFile; fileRef = 904A70D4269C5409006F960B /* MainViewController.swift */; };
		904A70D8269C5409006F960B /* Main.storyboard in Resources */ = {isa = PBXBuildFile; fileRef = 904A70D6269C5409006F960B /* Main.storyboard */; };
		904A70DA269C540A006F960B /* Assets.xcassets in Resources */ = {isa = PBXBuildFile; fileRef = 904A70D9269C540A006F960B /* Assets.xcassets */; };
		904A70DD269C540A006F960B /* LaunchScreen.storyboard in Resources */ = {isa = PBXBuildFile; fileRef = 904A70DB269C540A006F960B /* LaunchScreen.storyboard */; };
		904A70E7269C58D5006F960B /* EliceDigitalBaeumOTF_Bold.otf in Resources */ = {isa = PBXBuildFile; fileRef = 904A70E5269C58D5006F960B /* EliceDigitalBaeumOTF_Bold.otf */; };
		904A70E8269C58D5006F960B /* EliceDigitalBaeumOTF_Regular.otf in Resources */ = {isa = PBXBuildFile; fileRef = 904A70E6269C58D5006F960B /* EliceDigitalBaeumOTF_Regular.otf */; };
		904A70EA269C5BD8006F960B /* UIColor+Extension.swift in Sources */ = {isa = PBXBuildFile; fileRef = 904A70E9269C5BD8006F960B /* UIColor+Extension.swift */; };
		BD54CA2A26B53EB8001696B5 /* ResultViewController.swift in Sources */ = {isa = PBXBuildFile; fileRef = BD54CA2926B53EB8001696B5 /* ResultViewController.swift */; };
		BD60271126C16437004F32B7 /* SaveAlertViewController.swift in Sources */ = {isa = PBXBuildFile; fileRef = BD60271026C16437004F32B7 /* SaveAlertViewController.swift */; };
		BD779E4226A99D8F00DBA126 /* ItemViewModel.swift in Sources */ = {isa = PBXBuildFile; fileRef = BD779E4126A99D8F00DBA126 /* ItemViewModel.swift */; };
		BD8D90D826A420C50016EDCA /* InsertViewController.swift in Sources */ = {isa = PBXBuildFile; fileRef = BD8D90D726A420C50016EDCA /* InsertViewController.swift */; };
		BD8D90DB26A424B40016EDCA /* HistoryViewController.swift in Sources */ = {isa = PBXBuildFile; fileRef = BD8D90DA26A424B40016EDCA /* HistoryViewController.swift */; };
		BD8D90DD26A425410016EDCA /* BaseViewController.swift in Sources */ = {isa = PBXBuildFile; fileRef = BD8D90DC26A425410016EDCA /* BaseViewController.swift */; };
		BDC3312D26B8332500FE8293 /* InsertCell.swift in Sources */ = {isa = PBXBuildFile; fileRef = BDC3312B26B8332500FE8293 /* InsertCell.swift */; };
		BDC3312E26B8332500FE8293 /* InsertCell.xib in Resources */ = {isa = PBXBuildFile; fileRef = BDC3312C26B8332500FE8293 /* InsertCell.xib */; };
/* End PBXBuildFile section */

/* Begin PBXFileReference section */
		549FD464DE5D0AE907B01D38 /* Pods-GollaBab.debug.xcconfig */ = {isa = PBXFileReference; includeInIndex = 1; lastKnownFileType = text.xcconfig; name = "Pods-GollaBab.debug.xcconfig"; path = "Target Support Files/Pods-GollaBab/Pods-GollaBab.debug.xcconfig"; sourceTree = "<group>"; };
		7DC1B9FC77ECCA572D83A567 /* Pods-GollaBab.release.xcconfig */ = {isa = PBXFileReference; includeInIndex = 1; lastKnownFileType = text.xcconfig; name = "Pods-GollaBab.release.xcconfig"; path = "Target Support Files/Pods-GollaBab/Pods-GollaBab.release.xcconfig"; sourceTree = "<group>"; };
		82721F1926CBD6A9005AD346 /* History.xcdatamodel */ = {isa = PBXFileReference; lastKnownFileType = wrapper.xcdatamodel; path = History.xcdatamodel; sourceTree = "<group>"; };
		82721F1F26CBD754005AD346 /* CoreDataManager.swift */ = {isa = PBXFileReference; lastKnownFileType = sourcecode.swift; path = CoreDataManager.swift; sourceTree = "<group>"; };
		82721F2326CBE123005AD346 /* HistoryData.swift */ = {isa = PBXFileReference; lastKnownFileType = sourcecode.swift; path = HistoryData.swift; sourceTree = "<group>"; };
		82721F2B26CBE794005AD346 /* History+CoreDataProperties.swift */ = {isa = PBXFileReference; lastKnownFileType = sourcecode.swift; name = "History+CoreDataProperties.swift"; path = "/Users/jeonhyeonseong/development/GollaBab_iOS/GollaBab/Common/CoreData/History+CoreDataProperties.swift"; sourceTree = "<absolute>"; };
		82721F2C26CBE794005AD346 /* History+CoreDataClass.swift */ = {isa = PBXFileReference; lastKnownFileType = sourcecode.swift; name = "History+CoreDataClass.swift"; path = "/Users/jeonhyeonseong/development/GollaBab_iOS/GollaBab/Common/CoreData/History+CoreDataClass.swift"; sourceTree = "<absolute>"; };
		8B005F9535FBEE63684028A1 /* Pods_GollaBab.framework */ = {isa = PBXFileReference; explicitFileType = wrapper.framework; includeInIndex = 0; path = Pods_GollaBab.framework; sourceTree = BUILT_PRODUCTS_DIR; };
		904A70CD269C5409006F960B /* GollaBab.app */ = {isa = PBXFileReference; explicitFileType = wrapper.application; includeInIndex = 0; path = GollaBab.app; sourceTree = BUILT_PRODUCTS_DIR; };
		904A70D0269C5409006F960B /* AppDelegate.swift */ = {isa = PBXFileReference; lastKnownFileType = sourcecode.swift; path = AppDelegate.swift; sourceTree = "<group>"; };
		904A70D2269C5409006F960B /* SceneDelegate.swift */ = {isa = PBXFileReference; lastKnownFileType = sourcecode.swift; path = SceneDelegate.swift; sourceTree = "<group>"; };
		904A70D4269C5409006F960B /* MainViewController.swift */ = {isa = PBXFileReference; lastKnownFileType = sourcecode.swift; path = MainViewController.swift; sourceTree = "<group>"; };
		904A70D7269C5409006F960B /* Base */ = {isa = PBXFileReference; lastKnownFileType = file.storyboard; name = Base; path = Base.lproj/Main.storyboard; sourceTree = "<group>"; };
		904A70D9269C540A006F960B /* Assets.xcassets */ = {isa = PBXFileReference; lastKnownFileType = folder.assetcatalog; path = Assets.xcassets; sourceTree = "<group>"; };
		904A70DC269C540A006F960B /* Base */ = {isa = PBXFileReference; lastKnownFileType = file.storyboard; name = Base; path = Base.lproj/LaunchScreen.storyboard; sourceTree = "<group>"; };
		904A70DE269C540A006F960B /* Info.plist */ = {isa = PBXFileReference; lastKnownFileType = text.plist.xml; path = Info.plist; sourceTree = "<group>"; };
		904A70E5269C58D5006F960B /* EliceDigitalBaeumOTF_Bold.otf */ = {isa = PBXFileReference; lastKnownFileType = file; path = EliceDigitalBaeumOTF_Bold.otf; sourceTree = "<group>"; };
		904A70E6269C58D5006F960B /* EliceDigitalBaeumOTF_Regular.otf */ = {isa = PBXFileReference; lastKnownFileType = file; path = EliceDigitalBaeumOTF_Regular.otf; sourceTree = "<group>"; };
		904A70E9269C5BD8006F960B /* UIColor+Extension.swift */ = {isa = PBXFileReference; lastKnownFileType = sourcecode.swift; path = "UIColor+Extension.swift"; sourceTree = "<group>"; };
		BD54CA2926B53EB8001696B5 /* ResultViewController.swift */ = {isa = PBXFileReference; lastKnownFileType = sourcecode.swift; path = ResultViewController.swift; sourceTree = "<group>"; };
		BD60271026C16437004F32B7 /* SaveAlertViewController.swift */ = {isa = PBXFileReference; lastKnownFileType = sourcecode.swift; path = SaveAlertViewController.swift; sourceTree = "<group>"; };
		BD779E4126A99D8F00DBA126 /* ItemViewModel.swift */ = {isa = PBXFileReference; lastKnownFileType = sourcecode.swift; path = ItemViewModel.swift; sourceTree = "<group>"; };
		BD8D90D726A420C50016EDCA /* InsertViewController.swift */ = {isa = PBXFileReference; lastKnownFileType = sourcecode.swift; path = InsertViewController.swift; sourceTree = "<group>"; };
		BD8D90DA26A424B40016EDCA /* HistoryViewController.swift */ = {isa = PBXFileReference; lastKnownFileType = sourcecode.swift; path = HistoryViewController.swift; sourceTree = "<group>"; };
		BD8D90DC26A425410016EDCA /* BaseViewController.swift */ = {isa = PBXFileReference; lastKnownFileType = sourcecode.swift; path = BaseViewController.swift; sourceTree = "<group>"; };
		BDC3312B26B8332500FE8293 /* InsertCell.swift */ = {isa = PBXFileReference; lastKnownFileType = sourcecode.swift; path = InsertCell.swift; sourceTree = "<group>"; };
		BDC3312C26B8332500FE8293 /* InsertCell.xib */ = {isa = PBXFileReference; lastKnownFileType = file.xib; path = InsertCell.xib; sourceTree = "<group>"; };
/* End PBXFileReference section */

/* Begin PBXFrameworksBuildPhase section */
		904A70CA269C5409006F960B /* Frameworks */ = {
			isa = PBXFrameworksBuildPhase;
			buildActionMask = 2147483647;
			files = (
				06CDA6F6CA4743ED599FC079 /* Pods_GollaBab.framework in Frameworks */,
			);
			runOnlyForDeploymentPostprocessing = 0;
		};
/* End PBXFrameworksBuildPhase section */

/* Begin PBXGroup section */
		82721F1726CBD69B005AD346 /* CoreData */ = {
			isa = PBXGroup;
			children = (
				82721F2C26CBE794005AD346 /* History+CoreDataClass.swift */,
				82721F2B26CBE794005AD346 /* History+CoreDataProperties.swift */,
				82721F2326CBE123005AD346 /* HistoryData.swift */,
				82721F1826CBD6A9005AD346 /* History.xcdatamodeld */,
				82721F1F26CBD754005AD346 /* CoreDataManager.swift */,
			);
			path = CoreData;
			sourceTree = "<group>";
		};
		904A70C4269C5409006F960B = {
			isa = PBXGroup;
			children = (
				904A70CF269C5409006F960B /* GollaBab */,
				904A70CE269C5409006F960B /* Products */,
				F55F41241681654DA9189AFC /* Pods */,
				94A58CD699A5EF727E1C0012 /* Frameworks */,
			);
			sourceTree = "<group>";
		};
		904A70CE269C5409006F960B /* Products */ = {
			isa = PBXGroup;
			children = (
				904A70CD269C5409006F960B /* GollaBab.app */,
			);
			name = Products;
			sourceTree = "<group>";
		};
		904A70CF269C5409006F960B /* GollaBab */ = {
			isa = PBXGroup;
			children = (
				BDC3312A26B8331600FE8293 /* CustomCell */,
				BD8D90D926A4228E0016EDCA /* Common */,
				BD779E4026A99D7800DBA126 /* ViewModel */,
				BD8D90D626A420100016EDCA /* ViewController */,
				904A70D0269C5409006F960B /* AppDelegate.swift */,
				904A70D2269C5409006F960B /* SceneDelegate.swift */,
				904A70D6269C5409006F960B /* Main.storyboard */,
				904A70D9269C540A006F960B /* Assets.xcassets */,
				904A70DB269C540A006F960B /* LaunchScreen.storyboard */,
				904A70DE269C540A006F960B /* Info.plist */,
			);
			path = GollaBab;
			sourceTree = "<group>";
		};
		904A70E4269C58B5006F960B /* Font */ = {
			isa = PBXGroup;
			children = (
				904A70E5269C58D5006F960B /* EliceDigitalBaeumOTF_Bold.otf */,
				904A70E6269C58D5006F960B /* EliceDigitalBaeumOTF_Regular.otf */,
				904A70E9269C5BD8006F960B /* UIColor+Extension.swift */,
			);
			path = Font;
			sourceTree = "<group>";
		};
		94A58CD699A5EF727E1C0012 /* Frameworks */ = {
			isa = PBXGroup;
			children = (
				8B005F9535FBEE63684028A1 /* Pods_GollaBab.framework */,
			);
			name = Frameworks;
			sourceTree = "<group>";
		};
		BD779E4026A99D7800DBA126 /* ViewModel */ = {
			isa = PBXGroup;
			children = (
				BD779E4126A99D8F00DBA126 /* ItemViewModel.swift */,
			);
			path = ViewModel;
			sourceTree = "<group>";
		};
		BD8D90D626A420100016EDCA /* ViewController */ = {
			isa = PBXGroup;
			children = (
				904A70D4269C5409006F960B /* MainViewController.swift */,
				BD8D90D726A420C50016EDCA /* InsertViewController.swift */,
				BD8D90DA26A424B40016EDCA /* HistoryViewController.swift */,
				BD54CA2926B53EB8001696B5 /* ResultViewController.swift */,
				BD60271026C16437004F32B7 /* SaveAlertViewController.swift */,
			);
			path = ViewController;
			sourceTree = "<group>";
		};
		BD8D90D926A4228E0016EDCA /* Common */ = {
			isa = PBXGroup;
			children = (
				82721F1726CBD69B005AD346 /* CoreData */,
				904A70E4269C58B5006F960B /* Font */,
				BD8D90DC26A425410016EDCA /* BaseViewController.swift */,
			);
			path = Common;
			sourceTree = "<group>";
		};
		BDC3312A26B8331600FE8293 /* CustomCell */ = {
			isa = PBXGroup;
			children = (
				BDC3312B26B8332500FE8293 /* InsertCell.swift */,
				BDC3312C26B8332500FE8293 /* InsertCell.xib */,
			);
			path = CustomCell;
			sourceTree = "<group>";
		};
		F55F41241681654DA9189AFC /* Pods */ = {
			isa = PBXGroup;
			children = (
				549FD464DE5D0AE907B01D38 /* Pods-GollaBab.debug.xcconfig */,
				7DC1B9FC77ECCA572D83A567 /* Pods-GollaBab.release.xcconfig */,
			);
			path = Pods;
			sourceTree = "<group>";
		};
/* End PBXGroup section */

/* Begin PBXNativeTarget section */
		904A70CC269C5409006F960B /* GollaBab */ = {
			isa = PBXNativeTarget;
			buildConfigurationList = 904A70E1269C540A006F960B /* Build configuration list for PBXNativeTarget "GollaBab" */;
			buildPhases = (
				6373034645FCA01E3EC07650 /* [CP] Check Pods Manifest.lock */,
				904A70C9269C5409006F960B /* Sources */,
				904A70CA269C5409006F960B /* Frameworks */,
				904A70CB269C5409006F960B /* Resources */,
				D827E8BD4AA0D3B5EC63FE45 /* [CP] Embed Pods Frameworks */,
			);
			buildRules = (
			);
			dependencies = (
			);
			name = GollaBab;
			productName = GollaBab;
			productReference = 904A70CD269C5409006F960B /* GollaBab.app */;
			productType = "com.apple.product-type.application";
		};
/* End PBXNativeTarget section */

/* Begin PBXProject section */
		904A70C5269C5409006F960B /* Project object */ = {
			isa = PBXProject;
			attributes = {
				LastSwiftUpdateCheck = 1250;
				LastUpgradeCheck = 1250;
				TargetAttributes = {
					904A70CC269C5409006F960B = {
						CreatedOnToolsVersion = 12.5.1;
					};
				};
			};
			buildConfigurationList = 904A70C8269C5409006F960B /* Build configuration list for PBXProject "GollaBab" */;
			compatibilityVersion = "Xcode 9.3";
			developmentRegion = en;
			hasScannedForEncodings = 0;
			knownRegions = (
				en,
				Base,
			);
			mainGroup = 904A70C4269C5409006F960B;
			productRefGroup = 904A70CE269C5409006F960B /* Products */;
			projectDirPath = "";
			projectRoot = "";
			targets = (
				904A70CC269C5409006F960B /* GollaBab */,
			);
		};
/* End PBXProject section */

/* Begin PBXResourcesBuildPhase section */
		904A70CB269C5409006F960B /* Resources */ = {
			isa = PBXResourcesBuildPhase;
			buildActionMask = 2147483647;
			files = (
				904A70DD269C540A006F960B /* LaunchScreen.storyboard in Resources */,
				904A70DA269C540A006F960B /* Assets.xcassets in Resources */,
				BDC3312E26B8332500FE8293 /* InsertCell.xib in Resources */,
				904A70E8269C58D5006F960B /* EliceDigitalBaeumOTF_Regular.otf in Resources */,
				904A70D8269C5409006F960B /* Main.storyboard in Resources */,
				904A70E7269C58D5006F960B /* EliceDigitalBaeumOTF_Bold.otf in Resources */,
			);
			runOnlyForDeploymentPostprocessing = 0;
		};
/* End PBXResourcesBuildPhase section */

/* Begin PBXShellScriptBuildPhase section */
		6373034645FCA01E3EC07650 /* [CP] Check Pods Manifest.lock */ = {
			isa = PBXShellScriptBuildPhase;
			buildActionMask = 2147483647;
			files = (
			);
			inputFileListPaths = (
			);
			inputPaths = (
				"${PODS_PODFILE_DIR_PATH}/Podfile.lock",
				"${PODS_ROOT}/Manifest.lock",
			);
			name = "[CP] Check Pods Manifest.lock";
			outputFileListPaths = (
			);
			outputPaths = (
				"$(DERIVED_FILE_DIR)/Pods-GollaBab-checkManifestLockResult.txt",
			);
			runOnlyForDeploymentPostprocessing = 0;
			shellPath = /bin/sh;
			shellScript = "diff \"${PODS_PODFILE_DIR_PATH}/Podfile.lock\" \"${PODS_ROOT}/Manifest.lock\" > /dev/null\nif [ $? != 0 ] ; then\n    # print error to STDERR\n    echo \"error: The sandbox is not in sync with the Podfile.lock. Run 'pod install' or update your CocoaPods installation.\" >&2\n    exit 1\nfi\n# This output is used by Xcode 'outputs' to avoid re-running this script phase.\necho \"SUCCESS\" > \"${SCRIPT_OUTPUT_FILE_0}\"\n";
			showEnvVarsInLog = 0;
		};
		D827E8BD4AA0D3B5EC63FE45 /* [CP] Embed Pods Frameworks */ = {
			isa = PBXShellScriptBuildPhase;
			buildActionMask = 2147483647;
			files = (
			);
			inputFileListPaths = (
				"${PODS_ROOT}/Target Support Files/Pods-GollaBab/Pods-GollaBab-frameworks-${CONFIGURATION}-input-files.xcfilelist",
			);
			name = "[CP] Embed Pods Frameworks";
			outputFileListPaths = (
				"${PODS_ROOT}/Target Support Files/Pods-GollaBab/Pods-GollaBab-frameworks-${CONFIGURATION}-output-files.xcfilelist",
			);
			runOnlyForDeploymentPostprocessing = 0;
			shellPath = /bin/sh;
			shellScript = "\"${PODS_ROOT}/Target Support Files/Pods-GollaBab/Pods-GollaBab-frameworks.sh\"\n";
			showEnvVarsInLog = 0;
		};
/* End PBXShellScriptBuildPhase section */

/* Begin PBXSourcesBuildPhase section */
		904A70C9269C5409006F960B /* Sources */ = {
			isa = PBXSourcesBuildPhase;
			buildActionMask = 2147483647;
			files = (
				82721F2426CBE123005AD346 /* HistoryData.swift in Sources */,
				BDC3312D26B8332500FE8293 /* InsertCell.swift in Sources */,
				904A70D5269C5409006F960B /* MainViewController.swift in Sources */,
				BD779E4226A99D8F00DBA126 /* ItemViewModel.swift in Sources */,
				82721F2026CBD754005AD346 /* CoreDataManager.swift in Sources */,
				904A70D1269C5409006F960B /* AppDelegate.swift in Sources */,
				904A70D3269C5409006F960B /* SceneDelegate.swift in Sources */,
				BD8D90DB26A424B40016EDCA /* HistoryViewController.swift in Sources */,
				BD8D90D826A420C50016EDCA /* InsertViewController.swift in Sources */,
				BD60271126C16437004F32B7 /* SaveAlertViewController.swift in Sources */,
				BD8D90DD26A425410016EDCA /* BaseViewController.swift in Sources */,
				904A70EA269C5BD8006F960B /* UIColor+Extension.swift in Sources */,
				82721F2E26CBE795005AD346 /* History+CoreDataClass.swift in Sources */,
				82721F1A26CBD6A9005AD346 /* History.xcdatamodeld in Sources */,
				BD54CA2A26B53EB8001696B5 /* ResultViewController.swift in Sources */,
				82721F2D26CBE795005AD346 /* History+CoreDataProperties.swift in Sources */,
			);
			runOnlyForDeploymentPostprocessing = 0;
		};
/* End PBXSourcesBuildPhase section */

/* Begin PBXVariantGroup section */
		904A70D6269C5409006F960B /* Main.storyboard */ = {
			isa = PBXVariantGroup;
			children = (
				904A70D7269C5409006F960B /* Base */,
			);
			name = Main.storyboard;
			sourceTree = "<group>";
		};
		904A70DB269C540A006F960B /* LaunchScreen.storyboard */ = {
			isa = PBXVariantGroup;
			children = (
				904A70DC269C540A006F960B /* Base */,
			);
			name = LaunchScreen.storyboard;
			sourceTree = "<group>";
		};
/* End PBXVariantGroup section */

/* Begin XCBuildConfiguration section */
		904A70DF269C540A006F960B /* Debug */ = {
			isa = XCBuildConfiguration;
			buildSettings = {
				ALWAYS_SEARCH_USER_PATHS = NO;
				CLANG_ANALYZER_NONNULL = YES;
				CLANG_ANALYZER_NUMBER_OBJECT_CONVERSION = YES_AGGRESSIVE;
				CLANG_CXX_LANGUAGE_STANDARD = "gnu++14";
				CLANG_CXX_LIBRARY = "libc++";
				CLANG_ENABLE_MODULES = YES;
				CLANG_ENABLE_OBJC_ARC = YES;
				CLANG_ENABLE_OBJC_WEAK = YES;
				CLANG_WARN_BLOCK_CAPTURE_AUTORELEASING = YES;
				CLANG_WARN_BOOL_CONVERSION = YES;
				CLANG_WARN_COMMA = YES;
				CLANG_WARN_CONSTANT_CONVERSION = YES;
				CLANG_WARN_DEPRECATED_OBJC_IMPLEMENTATIONS = YES;
				CLANG_WARN_DIRECT_OBJC_ISA_USAGE = YES_ERROR;
				CLANG_WARN_DOCUMENTATION_COMMENTS = YES;
				CLANG_WARN_EMPTY_BODY = YES;
				CLANG_WARN_ENUM_CONVERSION = YES;
				CLANG_WARN_INFINITE_RECURSION = YES;
				CLANG_WARN_INT_CONVERSION = YES;
				CLANG_WARN_NON_LITERAL_NULL_CONVERSION = YES;
				CLANG_WARN_OBJC_IMPLICIT_RETAIN_SELF = YES;
				CLANG_WARN_OBJC_LITERAL_CONVERSION = YES;
				CLANG_WARN_OBJC_ROOT_CLASS = YES_ERROR;
				CLANG_WARN_QUOTED_INCLUDE_IN_FRAMEWORK_HEADER = YES;
				CLANG_WARN_RANGE_LOOP_ANALYSIS = YES;
				CLANG_WARN_STRICT_PROTOTYPES = YES;
				CLANG_WARN_SUSPICIOUS_MOVE = YES;
				CLANG_WARN_UNGUARDED_AVAILABILITY = YES_AGGRESSIVE;
				CLANG_WARN_UNREACHABLE_CODE = YES;
				CLANG_WARN__DUPLICATE_METHOD_MATCH = YES;
				COPY_PHASE_STRIP = NO;
				DEBUG_INFORMATION_FORMAT = dwarf;
				ENABLE_STRICT_OBJC_MSGSEND = YES;
				ENABLE_TESTABILITY = YES;
				GCC_C_LANGUAGE_STANDARD = gnu11;
				GCC_DYNAMIC_NO_PIC = NO;
				GCC_NO_COMMON_BLOCKS = YES;
				GCC_OPTIMIZATION_LEVEL = 0;
				GCC_PREPROCESSOR_DEFINITIONS = (
					"DEBUG=1",
					"$(inherited)",
				);
				GCC_WARN_64_TO_32_BIT_CONVERSION = YES;
				GCC_WARN_ABOUT_RETURN_TYPE = YES_ERROR;
				GCC_WARN_UNDECLARED_SELECTOR = YES;
				GCC_WARN_UNINITIALIZED_AUTOS = YES_AGGRESSIVE;
				GCC_WARN_UNUSED_FUNCTION = YES;
				GCC_WARN_UNUSED_VARIABLE = YES;
				IPHONEOS_DEPLOYMENT_TARGET = 13.0;
				MTL_ENABLE_DEBUG_INFO = INCLUDE_SOURCE;
				MTL_FAST_MATH = YES;
				ONLY_ACTIVE_ARCH = YES;
				SDKROOT = iphoneos;
				SWIFT_ACTIVE_COMPILATION_CONDITIONS = DEBUG;
				SWIFT_OPTIMIZATION_LEVEL = "-Onone";
			};
			name = Debug;
		};
		904A70E0269C540A006F960B /* Release */ = {
			isa = XCBuildConfiguration;
			buildSettings = {
				ALWAYS_SEARCH_USER_PATHS = NO;
				CLANG_ANALYZER_NONNULL = YES;
				CLANG_ANALYZER_NUMBER_OBJECT_CONVERSION = YES_AGGRESSIVE;
				CLANG_CXX_LANGUAGE_STANDARD = "gnu++14";
				CLANG_CXX_LIBRARY = "libc++";
				CLANG_ENABLE_MODULES = YES;
				CLANG_ENABLE_OBJC_ARC = YES;
				CLANG_ENABLE_OBJC_WEAK = YES;
				CLANG_WARN_BLOCK_CAPTURE_AUTORELEASING = YES;
				CLANG_WARN_BOOL_CONVERSION = YES;
				CLANG_WARN_COMMA = YES;
				CLANG_WARN_CONSTANT_CONVERSION = YES;
				CLANG_WARN_DEPRECATED_OBJC_IMPLEMENTATIONS = YES;
				CLANG_WARN_DIRECT_OBJC_ISA_USAGE = YES_ERROR;
				CLANG_WARN_DOCUMENTATION_COMMENTS = YES;
				CLANG_WARN_EMPTY_BODY = YES;
				CLANG_WARN_ENUM_CONVERSION = YES;
				CLANG_WARN_INFINITE_RECURSION = YES;
				CLANG_WARN_INT_CONVERSION = YES;
				CLANG_WARN_NON_LITERAL_NULL_CONVERSION = YES;
				CLANG_WARN_OBJC_IMPLICIT_RETAIN_SELF = YES;
				CLANG_WARN_OBJC_LITERAL_CONVERSION = YES;
				CLANG_WARN_OBJC_ROOT_CLASS = YES_ERROR;
				CLANG_WARN_QUOTED_INCLUDE_IN_FRAMEWORK_HEADER = YES;
				CLANG_WARN_RANGE_LOOP_ANALYSIS = YES;
				CLANG_WARN_STRICT_PROTOTYPES = YES;
				CLANG_WARN_SUSPICIOUS_MOVE = YES;
				CLANG_WARN_UNGUARDED_AVAILABILITY = YES_AGGRESSIVE;
				CLANG_WARN_UNREACHABLE_CODE = YES;
				CLANG_WARN__DUPLICATE_METHOD_MATCH = YES;
				COPY_PHASE_STRIP = NO;
				DEBUG_INFORMATION_FORMAT = "dwarf-with-dsym";
				ENABLE_NS_ASSERTIONS = NO;
				ENABLE_STRICT_OBJC_MSGSEND = YES;
				GCC_C_LANGUAGE_STANDARD = gnu11;
				GCC_NO_COMMON_BLOCKS = YES;
				GCC_WARN_64_TO_32_BIT_CONVERSION = YES;
				GCC_WARN_ABOUT_RETURN_TYPE = YES_ERROR;
				GCC_WARN_UNDECLARED_SELECTOR = YES;
				GCC_WARN_UNINITIALIZED_AUTOS = YES_AGGRESSIVE;
				GCC_WARN_UNUSED_FUNCTION = YES;
				GCC_WARN_UNUSED_VARIABLE = YES;
				IPHONEOS_DEPLOYMENT_TARGET = 13.0;
				MTL_ENABLE_DEBUG_INFO = NO;
				MTL_FAST_MATH = YES;
				SDKROOT = iphoneos;
				SWIFT_COMPILATION_MODE = wholemodule;
				SWIFT_OPTIMIZATION_LEVEL = "-O";
				VALIDATE_PRODUCT = YES;
			};
			name = Release;
		};
		904A70E2269C540A006F960B /* Debug */ = {
			isa = XCBuildConfiguration;
			baseConfigurationReference = 549FD464DE5D0AE907B01D38 /* Pods-GollaBab.debug.xcconfig */;
			buildSettings = {
				ASSETCATALOG_COMPILER_APPICON_NAME = AppIcon;
				ASSETCATALOG_COMPILER_GLOBAL_ACCENT_COLOR_NAME = AccentColor;
				CODE_SIGN_STYLE = Automatic;
				DEVELOPMENT_TEAM = D64MDUWZ72;
				INFOPLIST_FILE = GollaBab/Info.plist;
				LD_RUNPATH_SEARCH_PATHS = (
					"$(inherited)",
					"@executable_path/Frameworks",
				);
				PRODUCT_BUNDLE_IDENTIFIER = com.hox.GollaBab;
				PRODUCT_NAME = "$(TARGET_NAME)";
				SWIFT_VERSION = 5.0;
				TARGETED_DEVICE_FAMILY = "1,2";
			};
			name = Debug;
		};
		904A70E3269C540A006F960B /* Release */ = {
			isa = XCBuildConfiguration;
			baseConfigurationReference = 7DC1B9FC77ECCA572D83A567 /* Pods-GollaBab.release.xcconfig */;
			buildSettings = {
				ASSETCATALOG_COMPILER_APPICON_NAME = AppIcon;
				ASSETCATALOG_COMPILER_GLOBAL_ACCENT_COLOR_NAME = AccentColor;
				CODE_SIGN_STYLE = Automatic;
				DEVELOPMENT_TEAM = D64MDUWZ72;
				INFOPLIST_FILE = GollaBab/Info.plist;
				LD_RUNPATH_SEARCH_PATHS = (
					"$(inherited)",
					"@executable_path/Frameworks",
				);
				PRODUCT_BUNDLE_IDENTIFIER = com.hox.GollaBab;
				PRODUCT_NAME = "$(TARGET_NAME)";
				SWIFT_VERSION = 5.0;
				TARGETED_DEVICE_FAMILY = "1,2";
			};
			name = Release;
		};
/* End XCBuildConfiguration section */

/* Begin XCConfigurationList section */
		904A70C8269C5409006F960B /* Build configuration list for PBXProject "GollaBab" */ = {
			isa = XCConfigurationList;
			buildConfigurations = (
				904A70DF269C540A006F960B /* Debug */,
				904A70E0269C540A006F960B /* Release */,
			);
			defaultConfigurationIsVisible = 0;
			defaultConfigurationName = Release;
		};
		904A70E1269C540A006F960B /* Build configuration list for PBXNativeTarget "GollaBab" */ = {
			isa = XCConfigurationList;
			buildConfigurations = (
				904A70E2269C540A006F960B /* Debug */,
				904A70E3269C540A006F960B /* Release */,
			);
			defaultConfigurationIsVisible = 0;
			defaultConfigurationName = Release;
		};
/* End XCConfigurationList section */

/* Begin XCVersionGroup section */
		82721F1826CBD6A9005AD346 /* History.xcdatamodeld */ = {
			isa = XCVersionGroup;
			children = (
				82721F1926CBD6A9005AD346 /* History.xcdatamodel */,
			);
			currentVersion = 82721F1926CBD6A9005AD346 /* History.xcdatamodel */;
			path = History.xcdatamodeld;
			sourceTree = "<group>";
			versionGroupType = wrapper.xcdatamodel;
		};
/* End XCVersionGroup section */
	};
	rootObject = 904A70C5269C5409006F960B /* Project object */;
}
